// !$*UTF8*$!
{
	archiveVersion = 1;
	classes = {
	};
	objectVersion = 48;
	objects = {

/* Begin PBXBuildFile section */
		6A02C3521FA6FCA00068C00E /* Main.storyboard in Resources */ = {isa = PBXBuildFile; fileRef = 6A02C3511FA6FCA00068C00E /* Main.storyboard */; };
		6A63ED531FA9C6D100A3B2CF /* AppExtensions.swift in Sources */ = {isa = PBXBuildFile; fileRef = 6A63ED521FA9C6D100A3B2CF /* AppExtensions.swift */; };
		6A63ED551FA9C74F00A3B2CF /* EnumCollection.swift in Sources */ = {isa = PBXBuildFile; fileRef = 6A63ED541FA9C74F00A3B2CF /* EnumCollection.swift */; };
		6A63ED571FA9C78800A3B2CF /* Models.swift in Sources */ = {isa = PBXBuildFile; fileRef = 6A63ED561FA9C78800A3B2CF /* Models.swift */; };
		6A63ED591FA9C7CE00A3B2CF /* Utilities.swift in Sources */ = {isa = PBXBuildFile; fileRef = 6A63ED581FA9C7CE00A3B2CF /* Utilities.swift */; };
		6A7664221FA9F5E700BD0AE4 /* SetCalendarViewController.swift in Sources */ = {isa = PBXBuildFile; fileRef = 6A7664211FA9F5E700BD0AE4 /* SetCalendarViewController.swift */; };
		6A7664241FA9FCE600BD0AE4 /* AppConstants.swift in Sources */ = {isa = PBXBuildFile; fileRef = 6A7664231FA9FCE600BD0AE4 /* AppConstants.swift */; };
		6A7664261FAADCEC00BD0AE4 /* InputAccessoryView.xib in Resources */ = {isa = PBXBuildFile; fileRef = 6A7664251FAADCEC00BD0AE4 /* InputAccessoryView.xib */; };
		6A7664281FAADD1400BD0AE4 /* InputAccessoryView.swift in Sources */ = {isa = PBXBuildFile; fileRef = 6A7664271FAADD1400BD0AE4 /* InputAccessoryView.swift */; };
		6AD5B73B1FA4ACED00541609 /* SectionHeaderCollectionReusableView.swift in Sources */ = {isa = PBXBuildFile; fileRef = 6AD5B73A1FA4ACED00541609 /* SectionHeaderCollectionReusableView.swift */; };
		6AFA3E601FA3649A00B281FE /* AppDelegate.swift in Sources */ = {isa = PBXBuildFile; fileRef = 6AFA3E5F1FA3649A00B281FE /* AppDelegate.swift */; };
		6AFA3E621FA3649A00B281FE /* ViewController.swift in Sources */ = {isa = PBXBuildFile; fileRef = 6AFA3E611FA3649A00B281FE /* ViewController.swift */; };
		6AFA3E671FA3649A00B281FE /* Assets.xcassets in Resources */ = {isa = PBXBuildFile; fileRef = 6AFA3E661FA3649A00B281FE /* Assets.xcassets */; };
		6AFA3E6A1FA3649A00B281FE /* LaunchScreen.storyboard in Resources */ = {isa = PBXBuildFile; fileRef = 6AFA3E681FA3649A00B281FE /* LaunchScreen.storyboard */; };
		6AFA3E721FA36AC300B281FE /* DateCell.xib in Resources */ = {isa = PBXBuildFile; fileRef = 6AFA3E711FA36AC300B281FE /* DateCell.xib */; };
/* End PBXBuildFile section */

/* Begin PBXFileReference section */
		6A02C3511FA6FCA00068C00E /* Main.storyboard */ = {isa = PBXFileReference; fileEncoding = 4; lastKnownFileType = file.storyboard; path = Main.storyboard; sourceTree = "<group>"; };
		6A63ED521FA9C6D100A3B2CF /* AppExtensions.swift */ = {isa = PBXFileReference; lastKnownFileType = sourcecode.swift; path = AppExtensions.swift; sourceTree = "<group>"; };
		6A63ED541FA9C74F00A3B2CF /* EnumCollection.swift */ = {isa = PBXFileReference; lastKnownFileType = sourcecode.swift; path = EnumCollection.swift; sourceTree = "<group>"; };
		6A63ED561FA9C78800A3B2CF /* Models.swift */ = {isa = PBXFileReference; lastKnownFileType = sourcecode.swift; path = Models.swift; sourceTree = "<group>"; };
		6A63ED581FA9C7CE00A3B2CF /* Utilities.swift */ = {isa = PBXFileReference; lastKnownFileType = sourcecode.swift; path = Utilities.swift; sourceTree = "<group>"; };
		6A7664211FA9F5E700BD0AE4 /* SetCalendarViewController.swift */ = {isa = PBXFileReference; lastKnownFileType = sourcecode.swift; path = SetCalendarViewController.swift; sourceTree = "<group>"; };
		6A7664231FA9FCE600BD0AE4 /* AppConstants.swift */ = {isa = PBXFileReference; lastKnownFileType = sourcecode.swift; path = AppConstants.swift; sourceTree = "<group>"; };
		6A7664251FAADCEC00BD0AE4 /* InputAccessoryView.xib */ = {isa = PBXFileReference; lastKnownFileType = file.xib; path = InputAccessoryView.xib; sourceTree = "<group>"; };
		6A7664271FAADD1400BD0AE4 /* InputAccessoryView.swift */ = {isa = PBXFileReference; lastKnownFileType = sourcecode.swift; path = InputAccessoryView.swift; sourceTree = "<group>"; };
		6AD5B73A1FA4ACED00541609 /* SectionHeaderCollectionReusableView.swift */ = {isa = PBXFileReference; lastKnownFileType = sourcecode.swift; path = SectionHeaderCollectionReusableView.swift; sourceTree = "<group>"; };
		6AFA3E5C1FA3649A00B281FE /* CalendarDemo.app */ = {isa = PBXFileReference; explicitFileType = wrapper.application; includeInIndex = 0; path = CalendarDemo.app; sourceTree = BUILT_PRODUCTS_DIR; };
		6AFA3E5F1FA3649A00B281FE /* AppDelegate.swift */ = {isa = PBXFileReference; lastKnownFileType = sourcecode.swift; path = AppDelegate.swift; sourceTree = "<group>"; };
		6AFA3E611FA3649A00B281FE /* ViewController.swift */ = {isa = PBXFileReference; lastKnownFileType = sourcecode.swift; path = ViewController.swift; sourceTree = "<group>"; };
		6AFA3E661FA3649A00B281FE /* Assets.xcassets */ = {isa = PBXFileReference; lastKnownFileType = folder.assetcatalog; path = Assets.xcassets; sourceTree = "<group>"; };
		6AFA3E691FA3649A00B281FE /* Base */ = {isa = PBXFileReference; lastKnownFileType = file.storyboard; name = Base; path = Base.lproj/LaunchScreen.storyboard; sourceTree = "<group>"; };
		6AFA3E6B1FA3649A00B281FE /* Info.plist */ = {isa = PBXFileReference; lastKnownFileType = text.plist.xml; path = Info.plist; sourceTree = "<group>"; };
		6AFA3E711FA36AC300B281FE /* DateCell.xib */ = {isa = PBXFileReference; lastKnownFileType = file.xib; path = DateCell.xib; sourceTree = "<group>"; };
/* End PBXFileReference section */

/* Begin PBXFrameworksBuildPhase section */
		6AFA3E591FA3649A00B281FE /* Frameworks */ = {
			isa = PBXFrameworksBuildPhase;
			buildActionMask = 2147483647;
			files = (
			);
			runOnlyForDeploymentPostprocessing = 0;
		};
/* End PBXFrameworksBuildPhase section */

/* Begin PBXGroup section */
		6A7664291FAAEBF600BD0AE4 /* Controllers */ = {
			isa = PBXGroup;
			children = (
				6AFA3E611FA3649A00B281FE /* ViewController.swift */,
				6A7664211FA9F5E700BD0AE4 /* SetCalendarViewController.swift */,
			);
			path = Controllers;
			sourceTree = "<group>";
		};
		6A76642A1FAAECF400BD0AE4 /* CommonViews */ = {
			isa = PBXGroup;
			children = (
				6A7664271FAADD1400BD0AE4 /* InputAccessoryView.swift */,
			);
			path = CommonViews;
			sourceTree = "<group>";
		};
		6A76642B1FAAED1800BD0AE4 /* Utilities */ = {
			isa = PBXGroup;
			children = (
				6A7664231FA9FCE600BD0AE4 /* AppConstants.swift */,
				6A63ED521FA9C6D100A3B2CF /* AppExtensions.swift */,
				6A63ED541FA9C74F00A3B2CF /* EnumCollection.swift */,
				6A63ED561FA9C78800A3B2CF /* Models.swift */,
				6A63ED581FA9C7CE00A3B2CF /* Utilities.swift */,
			);
			path = Utilities;
			sourceTree = "<group>";
		};
		6A76642C1FAAED4F00BD0AE4 /* Storyboards */ = {
			isa = PBXGroup;
			children = (
				6A02C3511FA6FCA00068C00E /* Main.storyboard */,
				6AFA3E681FA3649A00B281FE /* LaunchScreen.storyboard */,
			);
			path = Storyboards;
			sourceTree = "<group>";
		};
		6A76642D1FAAEDB500BD0AE4 /* CustomCells */ = {
			isa = PBXGroup;
			children = (
				6AD5B73A1FA4ACED00541609 /* SectionHeaderCollectionReusableView.swift */,
			);
			path = CustomCells;
			sourceTree = "<group>";
		};
		6A76642E1FAAEDC700BD0AE4 /* XIBs */ = {
			isa = PBXGroup;
			children = (
				6AFA3E711FA36AC300B281FE /* DateCell.xib */,
				6A7664251FAADCEC00BD0AE4 /* InputAccessoryView.xib */,
			);
			path = XIBs;
			sourceTree = "<group>";
		};
		6A76642F1FAAEDDF00BD0AE4 /* Resources */ = {
			isa = PBXGroup;
			children = (
				6AFA3E661FA3649A00B281FE /* Assets.xcassets */,
				6A76642E1FAAEDC700BD0AE4 /* XIBs */,
				6A76642C1FAAED4F00BD0AE4 /* Storyboards */,
			);
			path = Resources;
			sourceTree = "<group>";
		};
		6AFA3E531FA3649A00B281FE = {
			isa = PBXGroup;
			children = (
				6AFA3E5E1FA3649A00B281FE /* CalendarDemo */,
				6AFA3E5D1FA3649A00B281FE /* Products */,
			);
			sourceTree = "<group>";
		};
		6AFA3E5D1FA3649A00B281FE /* Products */ = {
			isa = PBXGroup;
			children = (
				6AFA3E5C1FA3649A00B281FE /* CalendarDemo.app */,
			);
			name = Products;
			sourceTree = "<group>";
		};
		6AFA3E5E1FA3649A00B281FE /* CalendarDemo */ = {
			isa = PBXGroup;
			children = (
				6A76642F1FAAEDDF00BD0AE4 /* Resources */,
				6A76642D1FAAEDB500BD0AE4 /* CustomCells */,
				6A76642B1FAAED1800BD0AE4 /* Utilities */,
				6A76642A1FAAECF400BD0AE4 /* CommonViews */,
				6A7664291FAAEBF600BD0AE4 /* Controllers */,
				6AFA3E5F1FA3649A00B281FE /* AppDelegate.swift */,
				6AFA3E6B1FA3649A00B281FE /* Info.plist */,
			);
			path = CalendarDemo;
			sourceTree = "<group>";
		};
/* End PBXGroup section */

/* Begin PBXNativeTarget section */
		6AFA3E5B1FA3649A00B281FE /* CalendarDemo */ = {
			isa = PBXNativeTarget;
			buildConfigurationList = 6AFA3E6E1FA3649A00B281FE /* Build configuration list for PBXNativeTarget "CalendarDemo" */;
			buildPhases = (
				6AFA3E581FA3649A00B281FE /* Sources */,
				6AFA3E591FA3649A00B281FE /* Frameworks */,
				6AFA3E5A1FA3649A00B281FE /* Resources */,
			);
			buildRules = (
			);
			dependencies = (
			);
			name = CalendarDemo;
			productName = CalendarDemo;
			productReference = 6AFA3E5C1FA3649A00B281FE /* CalendarDemo.app */;
			productType = "com.apple.product-type.application";
		};
/* End PBXNativeTarget section */

/* Begin PBXProject section */
		6AFA3E541FA3649A00B281FE /* Project object */ = {
			isa = PBXProject;
			attributes = {
				LastSwiftUpdateCheck = 0900;
				LastUpgradeCheck = 0900;
				ORGANIZATIONNAME = "Personal Team";
				TargetAttributes = {
					6AFA3E5B1FA3649A00B281FE = {
						CreatedOnToolsVersion = 9.0;
						ProvisioningStyle = Manual;
					};
				};
			};
			buildConfigurationList = 6AFA3E571FA3649A00B281FE /* Build configuration list for PBXProject "CalendarDemo" */;
			compatibilityVersion = "Xcode 8.0";
			developmentRegion = en;
			hasScannedForEncodings = 0;
			knownRegions = (
				en,
				Base,
			);
			mainGroup = 6AFA3E531FA3649A00B281FE;
			productRefGroup = 6AFA3E5D1FA3649A00B281FE /* Products */;
			projectDirPath = "";
			projectRoot = "";
			targets = (
				6AFA3E5B1FA3649A00B281FE /* CalendarDemo */,
			);
		};
/* End PBXProject section */

/* Begin PBXResourcesBuildPhase section */
		6AFA3E5A1FA3649A00B281FE /* Resources */ = {
			isa = PBXResourcesBuildPhase;
			buildActionMask = 2147483647;
			files = (
				6AFA3E6A1FA3649A00B281FE /* LaunchScreen.storyboard in Resources */,
				6A7664261FAADCEC00BD0AE4 /* InputAccessoryView.xib in Resources */,
				6AFA3E671FA3649A00B281FE /* Assets.xcassets in Resources */,
				6AFA3E721FA36AC300B281FE /* DateCell.xib in Resources */,
				6A02C3521FA6FCA00068C00E /* Main.storyboard in Resources */,
			);
			runOnlyForDeploymentPostprocessing = 0;
		};
/* End PBXResourcesBuildPhase section */

/* Begin PBXSourcesBuildPhase section */
		6AFA3E581FA3649A00B281FE /* Sources */ = {
			isa = PBXSourcesBuildPhase;
			buildActionMask = 2147483647;
			files = (
				6AD5B73B1FA4ACED00541609 /* SectionHeaderCollectionReusableView.swift in Sources */,
				6A7664241FA9FCE600BD0AE4 /* AppConstants.swift in Sources */,
				6AFA3E621FA3649A00B281FE /* ViewController.swift in Sources */,
				6A63ED591FA9C7CE00A3B2CF /* Utilities.swift in Sources */,
				6A7664281FAADD1400BD0AE4 /* InputAccessoryView.swift in Sources */,
				6AFA3E601FA3649A00B281FE /* AppDelegate.swift in Sources */,
				6A63ED571FA9C78800A3B2CF /* Models.swift in Sources */,
				6A63ED551FA9C74F00A3B2CF /* EnumCollection.swift in Sources */,
				6A63ED531FA9C6D100A3B2CF /* AppExtensions.swift in Sources */,
				6A7664221FA9F5E700BD0AE4 /* SetCalendarViewController.swift in Sources */,
			);
			runOnlyForDeploymentPostprocessing = 0;
		};
/* End PBXSourcesBuildPhase section */

/* Begin PBXVariantGroup section */
		6AFA3E681FA3649A00B281FE /* LaunchScreen.storyboard */ = {
			isa = PBXVariantGroup;
			children = (
				6AFA3E691FA3649A00B281FE /* Base */,
			);
			name = LaunchScreen.storyboard;
			sourceTree = "<group>";
		};
/* End PBXVariantGroup section */

/* Begin XCBuildConfiguration section */
		6AFA3E6C1FA3649A00B281FE /* Debug */ = {
			isa = XCBuildConfiguration;
			buildSettings = {
				ALWAYS_SEARCH_USER_PATHS = NO;
				CLANG_ANALYZER_NONNULL = YES;
				CLANG_ANALYZER_NUMBER_OBJECT_CONVERSION = YES_AGGRESSIVE;
				CLANG_CXX_LANGUAGE_STANDARD = "gnu++14";
				CLANG_CXX_LIBRARY = "libc++";
				CLANG_ENABLE_MODULES = YES;
				CLANG_ENABLE_OBJC_ARC = YES;
				CLANG_WARN_BLOCK_CAPTURE_AUTORELEASING = YES;
				CLANG_WARN_BOOL_CONVERSION = YES;
				CLANG_WARN_COMMA = YES;
				CLANG_WARN_CONSTANT_CONVERSION = YES;
				CLANG_WARN_DIRECT_OBJC_ISA_USAGE = YES_ERROR;
				CLANG_WARN_DOCUMENTATION_COMMENTS = YES;
				CLANG_WARN_EMPTY_BODY = YES;
				CLANG_WARN_ENUM_CONVERSION = YES;
				CLANG_WARN_INFINITE_RECURSION = YES;
				CLANG_WARN_INT_CONVERSION = YES;
				CLANG_WARN_NON_LITERAL_NULL_CONVERSION = YES;
				CLANG_WARN_OBJC_LITERAL_CONVERSION = YES;
				CLANG_WARN_OBJC_ROOT_CLASS = YES_ERROR;
				CLANG_WARN_RANGE_LOOP_ANALYSIS = YES;
				CLANG_WARN_STRICT_PROTOTYPES = YES;
				CLANG_WARN_SUSPICIOUS_MOVE = YES;
				CLANG_WARN_UNGUARDED_AVAILABILITY = YES_AGGRESSIVE;
				CLANG_WARN_UNREACHABLE_CODE = YES;
				CLANG_WARN__DUPLICATE_METHOD_MATCH = YES;
				CODE_SIGN_IDENTITY = "iPhone Developer";
				COPY_PHASE_STRIP = NO;
				DEBUG_INFORMATION_FORMAT = dwarf;
				ENABLE_STRICT_OBJC_MSGSEND = YES;
				ENABLE_TESTABILITY = YES;
				GCC_C_LANGUAGE_STANDARD = gnu11;
				GCC_DYNAMIC_NO_PIC = NO;
				GCC_NO_COMMON_BLOCKS = YES;
				GCC_OPTIMIZATION_LEVEL = 0;
				GCC_PREPROCESSOR_DEFINITIONS = (
					"DEBUG=1",
					"$(inherited)",
				);
				GCC_WARN_64_TO_32_BIT_CONVERSION = YES;
				GCC_WARN_ABOUT_RETURN_TYPE = YES_ERROR;
				GCC_WARN_UNDECLARED_SELECTOR = YES;
				GCC_WARN_UNINITIALIZED_AUTOS = YES_AGGRESSIVE;
				GCC_WARN_UNUSED_FUNCTION = YES;
				GCC_WARN_UNUSED_VARIABLE = YES;
				IPHONEOS_DEPLOYMENT_TARGET = 11.0;
				MTL_ENABLE_DEBUG_INFO = YES;
				ONLY_ACTIVE_ARCH = YES;
				SDKROOT = iphoneos;
				SWIFT_ACTIVE_COMPILATION_CONDITIONS = DEBUG;
				SWIFT_OPTIMIZATION_LEVEL = "-Onone";
				SWIFT_VERSION = 4.0;
			};
			name = Debug;
		};
		6AFA3E6D1FA3649A00B281FE /* Release */ = {
			isa = XCBuildConfiguration;
			buildSettings = {
				ALWAYS_SEARCH_USER_PATHS = NO;
				CLANG_ANALYZER_NONNULL = YES;
				CLANG_ANALYZER_NUMBER_OBJECT_CONVERSION = YES_AGGRESSIVE;
				CLANG_CXX_LANGUAGE_STANDARD = "gnu++14";
				CLANG_CXX_LIBRARY = "libc++";
				CLANG_ENABLE_MODULES = YES;
				CLANG_ENABLE_OBJC_ARC = YES;
				CLANG_WARN_BLOCK_CAPTURE_AUTORELEASING = YES;
				CLANG_WARN_BOOL_CONVERSION = YES;
				CLANG_WARN_COMMA = YES;
				CLANG_WARN_CONSTANT_CONVERSION = YES;
				CLANG_WARN_DIRECT_OBJC_ISA_USAGE = YES_ERROR;
				CLANG_WARN_DOCUMENTATION_COMMENTS = YES;
				CLANG_WARN_EMPTY_BODY = YES;
				CLANG_WARN_ENUM_CONVERSION = YES;
				CLANG_WARN_INFINITE_RECURSION = YES;
				CLANG_WARN_INT_CONVERSION = YES;
				CLANG_WARN_NON_LITERAL_NULL_CONVERSION = YES;
				CLANG_WARN_OBJC_LITERAL_CONVERSION = YES;
				CLANG_WARN_OBJC_ROOT_CLASS = YES_ERROR;
				CLANG_WARN_RANGE_LOOP_ANALYSIS = YES;
				CLANG_WARN_STRICT_PROTOTYPES = YES;
				CLANG_WARN_SUSPICIOUS_MOVE = YES;
				CLANG_WARN_UNGUARDED_AVAILABILITY = YES_AGGRESSIVE;
				CLANG_WARN_UNREACHABLE_CODE = YES;
				CLANG_WARN__DUPLICATE_METHOD_MATCH = YES;
				CODE_SIGN_IDENTITY = "iPhone Developer";
				COPY_PHASE_STRIP = NO;
				DEBUG_INFORMATION_FORMAT = "dwarf-with-dsym";
				ENABLE_NS_ASSERTIONS = NO;
				ENABLE_STRICT_OBJC_MSGSEND = YES;
				GCC_C_LANGUAGE_STANDARD = gnu11;
				GCC_NO_COMMON_BLOCKS = YES;
				GCC_WARN_64_TO_32_BIT_CONVERSION = YES;
				GCC_WARN_ABOUT_RETURN_TYPE = YES_ERROR;
				GCC_WARN_UNDECLARED_SELECTOR = YES;
				GCC_WARN_UNINITIALIZED_AUTOS = YES_AGGRESSIVE;
				GCC_WARN_UNUSED_FUNCTION = YES;
				GCC_WARN_UNUSED_VARIABLE = YES;
				IPHONEOS_DEPLOYMENT_TARGET = 11.0;
				MTL_ENABLE_DEBUG_INFO = NO;
				SDKROOT = iphoneos;
				SWIFT_OPTIMIZATION_LEVEL = "-Owholemodule";
				SWIFT_VERSION = 4.0;
				VALIDATE_PRODUCT = YES;
			};
			name = Release;
		};
		6AFA3E6F1FA3649A00B281FE /* Debug */ = {
			isa = XCBuildConfiguration;
			buildSettings = {
				ASSETCATALOG_COMPILER_APPICON_NAME = AppIcon;
				CODE_SIGN_STYLE = Manual;
				DEVELOPMENT_TEAM = "";
				INFOPLIST_FILE = CalendarDemo/Info.plist;
				LD_RUNPATH_SEARCH_PATHS = "$(inherited) @executable_path/Frameworks";
				PRODUCT_BUNDLE_IDENTIFIER = dhiman.CalendarDemo;
				PRODUCT_NAME = "$(TARGET_NAME)";
				PROVISIONING_PROFILE_SPECIFIER = "";
				SWIFT_VERSION = 4.0;
				TARGETED_DEVICE_FAMILY = "1,2";
			};
			name = Debug;
		};
		6AFA3E701FA3649A00B281FE /* Release */ = {
			isa = XCBuildConfiguration;
			buildSettings = {
				ASSETCATALOG_COMPILER_APPICON_NAME = AppIcon;
				CODE_SIGN_STYLE = Manual;
				DEVELOPMENT_TEAM = "";
				INFOPLIST_FILE = CalendarDemo/Info.plist;
				LD_RUNPATH_SEARCH_PATHS = "$(inherited) @executable_path/Frameworks";
				PRODUCT_BUNDLE_IDENTIFIER = dhiman.CalendarDemo;
				PRODUCT_NAME = "$(TARGET_NAME)";
				PROVISIONING_PROFILE_SPECIFIER = "";
				SWIFT_VERSION = 4.0;
				TARGETED_DEVICE_FAMILY = "1,2";
			};
			name = Release;
		};
/* End XCBuildConfiguration section */

/* Begin XCConfigurationList section */
		6AFA3E571FA3649A00B281FE /* Build configuration list for PBXProject "CalendarDemo" */ = {
			isa = XCConfigurationList;
			buildConfigurations = (
				6AFA3E6C1FA3649A00B281FE /* Debug */,
				6AFA3E6D1FA3649A00B281FE /* Release */,
			);
			defaultConfigurationIsVisible = 0;
			defaultConfigurationName = Release;
		};
		6AFA3E6E1FA3649A00B281FE /* Build configuration list for PBXNativeTarget "CalendarDemo" */ = {
			isa = XCConfigurationList;
			buildConfigurations = (
				6AFA3E6F1FA3649A00B281FE /* Debug */,
				6AFA3E701FA3649A00B281FE /* Release */,
			);
			defaultConfigurationIsVisible = 0;
			defaultConfigurationName = Release;
		};
/* End XCConfigurationList section */
	};
	rootObject = 6AFA3E541FA3649A00B281FE /* Project object */;
}
